{
  "name": "getprismo",
  "version": "0.1.14",
  "lockfileVersion": 3,
  "requires": true,
  "packages": {
    "": {
      "name": "getprismo",
      "version": "0.1.14",
      "license": "MIT",
      "bin": {
        "prismo": "bin/prismo.js"
      },
      "engines": {
        "node": ">=18"
      }
    }
  }
}
